
Microsoft Visual Studio Solution File, Format Version 12.00
# Visual Studio Version 17
VisualStudioVersion = 17.4.33213.308
MinimumVisualStudioVersion = 10.0.40219.1
Project("{9A19103F-16F7-4668-BE54-9A1E7A4F7556}") = "MPOO2023", "MPOO2023\MPOO2023.csproj", "{EBCE19AF-83AD-4426-9689-A83AC5DFE29E}"
EndProject
Project("{9A19103F-16F7-4668-BE54-9A1E7A4F7556}") = "EL", "EL\EL.csproj", "{F9F60432-16E8-4633-9B95-C5A8CA089D8F}"
EndProject
Project("{9A19103F-16F7-4668-BE54-9A1E7A4F7556}") = "DAL", "DAL\DAL.csproj", "{0200D36B-E895-4D93-985F-506625D31F42}"
EndProject
Project("{9A19103F-16F7-4668-BE54-9A1E7A4F7556}") = "BLL", "BLL\BLL.csproj", "{0CD0529B-09DF-4EBB-B442-E7593D083852}"
EndProject
Global
	GlobalSection(SolutionConfigurationPlatforms) = preSolution
		Debug|Any CPU = Debug|Any CPU
		Release|Any CPU = Release|Any CPU
	EndGlobalSection
	GlobalSection(ProjectConfigurationPlatforms) = postSolution
		{EBCE19AF-83AD-4426-9689-A83AC5DFE29E}.Debug|Any CPU.ActiveCfg = Debug|Any CPU
		{EBCE19AF-83AD-4426-9689-A83AC5DFE29E}.Debug|Any CPU.Build.0 = Debug|Any CPU
		{EBCE19AF-83AD-4426-9689-A83AC5DFE29E}.Release|Any CPU.ActiveCfg = Release|Any CPU
		{EBCE19AF-83AD-4426-9689-A83AC5DFE29E}.Release|Any CPU.Build.0 = Release|Any CPU
		{F9F60432-16E8-4633-9B95-C5A8CA089D8F}.Debug|Any CPU.ActiveCfg = Debug|Any CPU
		{F9F60432-16E8-4633-9B95-C5A8CA089D8F}.Debug|Any CPU.Build.0 = Debug|Any CPU
		{F9F60432-16E8-4633-9B95-C5A8CA089D8F}.Release|Any CPU.ActiveCfg = Release|Any CPU
		{F9F60432-16E8-4633-9B95-C5A8CA089D8F}.Release|Any CPU.Build.0 = Release|Any CPU
		{0200D36B-E895-4D93-985F-506625D31F42}.Debug|Any CPU.ActiveCfg = Debug|Any CPU
		{0200D36B-E895-4D93-985F-506625D31F42}.Debug|Any CPU.Build.0 = Debug|Any CPU
		{0200D36B-E895-4D93-985F-506625D31F42}.Release|Any CPU.ActiveCfg = Release|Any CPU
		{0200D36B-E895-4D93-985F-506625D31F42}.Release|Any CPU.Build.0 = Release|Any CPU
		{0CD0529B-09DF-4EBB-B442-E7593D083852}.Debug|Any CPU.ActiveCfg = Debug|Any CPU
		{0CD0529B-09DF-4EBB-B442-E7593D083852}.Debug|Any CPU.Build.0 = Debug|Any CPU
		{0CD0529B-09DF-4EBB-B442-E7593D083852}.Release|Any CPU.ActiveCfg = Release|Any CPU
		{0CD0529B-09DF-4EBB-B442-E7593D083852}.Release|Any CPU.Build.0 = Release|Any CPU
	EndGlobalSection
	GlobalSection(SolutionProperties) = preSolution
		HideSolutionNode = FALSE
	EndGlobalSection
	GlobalSection(ExtensibilityGlobals) = postSolution
		SolutionGuid = {E9056377-135A-4FAE-A725-3A161F35FD93}
	EndGlobalSection
EndGlobal
